<?xml version="1.0" encoding="utf-8"?>
<Project ToolsVersion="4.0" xmlns="http://schemas.microsoft.com/developer/msbuild/2003">
  <ItemGroup>
    <Filter Include="Application">
      <UniqueIdentifier>{E278771E-A1FD-4E6A-A363-C5DE199E5D05}</UniqueIdentifier>
    </Filter>
    <Filter Include="Core">
      <UniqueIdentifier>{D50880B1-ED32-4A7B-92A8-34CBE7B0612A}</UniqueIdentifier>
    </Filter>
    <Filter Include="Database">
      <UniqueIdentifier>{6B69A257-EF0F-4CD3-BA3A-A5603DC0C46C}</UniqueIdentifier>
    </Filter>
    <Filter Include="Network">
      <UniqueIdentifier>{22755F2F-6C87-4B18-A970-9E33D7C2F45C}</UniqueIdentifier>
    </Filter>
    <Filter Include="Common">
      <UniqueIdentifier>{98CA7945-18F7-402C-BE9C-A10F458D681A}</UniqueIdentifier>
    </Filter>
  </ItemGroup>
  <ItemGroup>
    <ClCompile Include="Core\main.cpp">
      <Filter>Core</Filter>
    </ClCompile>
    <ClCompile Include="Core\Server.cpp">
      <Filter>Core</Filter>
    </ClCompile>
    <ClCompile Include="Database\DatabaseManager.cpp">
      <Filter>Database</Filter>
    </ClCompile>
    <ClCompile Include="Network\Session.cpp">
      <Filter>Network</Filter>
    </ClCompile>
    <ClCompile Include="..\Common\Protocol\ChatProtocol.cpp">
      <Filter>Common</Filter>
    </ClCompile>
    <ClCompile Include="..\Common\Utils\StringUtils.cpp">
      <Filter>Common</Filter>
    </ClCompile>
  </ItemGroup>
  <ItemGroup>
    <ClInclude Include="Application\IChatService.h">
      <Filter>Application</Filter>
    </ClInclude>
    <ClInclude Include="Core\Server.h">
      <Filter>Core</Filter>
    </ClInclude>
    <ClInclude Include="Database\DatabaseManager.h">
      <Filter>Database</Filter>
    </ClInclude>
    <ClInclude Include="Network\Session.h">
      <Filter>Network</Filter>
    </ClInclude>
    <ClInclude Include="..\Common\Protocol\ChatProtocol.h">
      <Filter>Common</Filter>
    </ClInclude>
    <ClInclude Include="..\Common\PacketDefine.h">
      <Filter>Common</Filter>
    </ClInclude>
  </ItemGroup>
</Project>
